
Microsoft Visual Studio Solution File, Format Version 12.00
# Visual Studio 14
VisualStudioVersion = 14.0.25123.0
MinimumVisualStudioVersion = 10.0.40219.1
Project("{FAE04EC0-301F-11D3-BF4B-00C04F79EFBC}") = "SignalR", "SignalR\SignalR.csproj", "{4E1C686C-1DCD-448F-9063-8233001B9E8A}"
EndProject
Project("{FAE04EC0-301F-11D3-BF4B-00C04F79EFBC}") = "SignalRClient", "SignalRClient\SignalRClient.csproj", "{F0E20DF8-FC2F-4804-AE90-EBC963E3A0C6}"
EndProject
Project("{FAE04EC0-301F-11D3-BF4B-00C04F79EFBC}") = "WebApp", "WebApp\WebApp.csproj", "{6A1A335B-A101-4F51-8012-BE814A781CBB}"
EndProject
Global
	GlobalSection(SolutionConfigurationPlatforms) = preSolution
		Debug|Any CPU = Debug|Any CPU
		Release|Any CPU = Release|Any CPU
	EndGlobalSection
	GlobalSection(ProjectConfigurationPlatforms) = postSolution
		{4E1C686C-1DCD-448F-9063-8233001B9E8A}.Debug|Any CPU.ActiveCfg = Debug|Any CPU
		{4E1C686C-1DCD-448F-9063-8233001B9E8A}.Debug|Any CPU.Build.0 = Debug|Any CPU
		{4E1C686C-1DCD-448F-9063-8233001B9E8A}.Release|Any CPU.ActiveCfg = Release|Any CPU
		{4E1C686C-1DCD-448F-9063-8233001B9E8A}.Release|Any CPU.Build.0 = Release|Any CPU
		{F0E20DF8-FC2F-4804-AE90-EBC963E3A0C6}.Debug|Any CPU.ActiveCfg = Debug|Any CPU
		{F0E20DF8-FC2F-4804-AE90-EBC963E3A0C6}.Debug|Any CPU.Build.0 = Debug|Any CPU
		{F0E20DF8-FC2F-4804-AE90-EBC963E3A0C6}.Release|Any CPU.ActiveCfg = Release|Any CPU
		{F0E20DF8-FC2F-4804-AE90-EBC963E3A0C6}.Release|Any CPU.Build.0 = Release|Any CPU
		{6A1A335B-A101-4F51-8012-BE814A781CBB}.Debug|Any CPU.ActiveCfg = Debug|Any CPU
		{6A1A335B-A101-4F51-8012-BE814A781CBB}.Debug|Any CPU.Build.0 = Debug|Any CPU
		{6A1A335B-A101-4F51-8012-BE814A781CBB}.Release|Any CPU.ActiveCfg = Release|Any CPU
		{6A1A335B-A101-4F51-8012-BE814A781CBB}.Release|Any CPU.Build.0 = Release|Any CPU
	EndGlobalSection
	GlobalSection(SolutionProperties) = preSolution
		HideSolutionNode = FALSE
	EndGlobalSection
EndGlobal
